
Microsoft Visual Studio Solution File, Format Version 12.00
# Visual Studio Version 17
VisualStudioVersion = 17.10.34916.146
MinimumVisualStudioVersion = 10.0.40219.1
Project("{FAE04EC0-301F-11D3-BF4B-00C04F79EFBC}") = "SwitchCase", "SwitchCase\SwitchCase.csproj", "{A651F009-E4C1-41FD-86EF-E94A46173CE9}"
EndProject
Global
	GlobalSection(SolutionConfigurationPlatforms) = preSolution
		Debug|Any CPU = Debug|Any CPU
		Release|Any CPU = Release|Any CPU
	EndGlobalSection
	GlobalSection(ProjectConfigurationPlatforms) = postSolution
		{A651F009-E4C1-41FD-86EF-E94A46173CE9}.Debug|Any CPU.ActiveCfg = Debug|Any CPU
		{A651F009-E4C1-41FD-86EF-E94A46173CE9}.Debug|Any CPU.Build.0 = Debug|Any CPU
		{A651F009-E4C1-41FD-86EF-E94A46173CE9}.Release|Any CPU.ActiveCfg = Release|Any CPU
		{A651F009-E4C1-41FD-86EF-E94A46173CE9}.Release|Any CPU.Build.0 = Release|Any CPU
	EndGlobalSection
	GlobalSection(SolutionProperties) = preSolution
		HideSolutionNode = FALSE
	EndGlobalSection
	GlobalSection(ExtensibilityGlobals) = postSolution
		SolutionGuid = {C2577A9D-6DD4-487D-920E-19B3F786BFB3}
	EndGlobalSection
EndGlobal
